// !$*UTF8*$!
{
	archiveVersion = 1;
	classes = {
	};
	objectVersion = 51;
	objects = {

/* Begin PBXBuildFile section */
		665CEDA0A5384EF32EDA109E /* Pods_Sample5Tests.framework in Frameworks */ = {isa = PBXBuildFile; fileRef = 067206AFA354A180D710AFD8 /* Pods_Sample5Tests.framework */; };
		CF7B572C3C8E78B9052B7244 /* Pods_Sample5.framework in Frameworks */ = {isa = PBXBuildFile; fileRef = EA63BA45CCE340069CC8121E /* Pods_Sample5.framework */; };
		E277952934D121F60D3C85BD /* Pods_Sample5_Sample5UITests.framework in Frameworks */ = {isa = PBXBuildFile; fileRef = 7790433105832B5C17EEDFEF /* Pods_Sample5_Sample5UITests.framework */; };
		EDAF56C426250AB000DFC084 /* AppDelegate.swift in Sources */ = {isa = PBXBuildFile; fileRef = EDAF56C326250AB000DFC084 /* AppDelegate.swift */; };
		EDAF56C626250AB000DFC084 /* SceneDelegate.swift in Sources */ = {isa = PBXBuildFile; fileRef = EDAF56C526250AB000DFC084 /* SceneDelegate.swift */; };
		EDAF56C826250AB000DFC084 /* ViewController.swift in Sources */ = {isa = PBXBuildFile; fileRef = EDAF56C726250AB000DFC084 /* ViewController.swift */; };
		EDAF56CB26250AB000DFC084 /* Main.storyboard in Resources */ = {isa = PBXBuildFile; fileRef = EDAF56C926250AB000DFC084 /* Main.storyboard */; };
		EDAF56CD26250AB100DFC084 /* Assets.xcassets in Resources */ = {isa = PBXBuildFile; fileRef = EDAF56CC26250AB100DFC084 /* Assets.xcassets */; };
		EDAF56D026250AB100DFC084 /* LaunchScreen.storyboard in Resources */ = {isa = PBXBuildFile; fileRef = EDAF56CE26250AB100DFC084 /* LaunchScreen.storyboard */; };
		EDAF56DB26250AB100DFC084 /* Sample5Tests.swift in Sources */ = {isa = PBXBuildFile; fileRef = EDAF56DA26250AB100DFC084 /* Sample5Tests.swift */; };
		EDAF56E626250AB100DFC084 /* Sample5UITests.swift in Sources */ = {isa = PBXBuildFile; fileRef = EDAF56E526250AB100DFC084 /* Sample5UITests.swift */; };
		EDAF575D262682B900DFC084 /* GoogleService-Info.plist in Resources */ = {isa = PBXBuildFile; fileRef = EDAF575C262682B900DFC084 /* GoogleService-Info.plist */; };
		EDAF579A2626904100DFC084 /* HomePageViewController.swift in Sources */ = {isa = PBXBuildFile; fileRef = EDAF57992626904100DFC084 /* HomePageViewController.swift */; };
/* End PBXBuildFile section */

/* Begin PBXContainerItemProxy section */
		EDAF56D726250AB100DFC084 /* PBXContainerItemProxy */ = {
			isa = PBXContainerItemProxy;
			containerPortal = EDAF56B826250AAF00DFC084 /* Project object */;
			proxyType = 1;
			remoteGlobalIDString = EDAF56BF26250AB000DFC084;
			remoteInfo = Sample5;
		};
		EDAF56E226250AB100DFC084 /* PBXContainerItemProxy */ = {
			isa = PBXContainerItemProxy;
			containerPortal = EDAF56B826250AAF00DFC084 /* Project object */;
			proxyType = 1;
			remoteGlobalIDString = EDAF56BF26250AB000DFC084;
			remoteInfo = Sample5;
		};
/* End PBXContainerItemProxy section */

/* Begin PBXFileReference section */
		067206AFA354A180D710AFD8 /* Pods_Sample5Tests.framework */ = {isa = PBXFileReference; explicitFileType = wrapper.framework; includeInIndex = 0; path = Pods_Sample5Tests.framework; sourceTree = BUILT_PRODUCTS_DIR; };
		179067A74CD67738BA9BCC4D /* Pods-Sample5Tests.debug.xcconfig */ = {isa = PBXFileReference; includeInIndex = 1; lastKnownFileType = text.xcconfig; name = "Pods-Sample5Tests.debug.xcconfig"; path = "Target Support Files/Pods-Sample5Tests/Pods-Sample5Tests.debug.xcconfig"; sourceTree = "<group>"; };
		21C01B51DE141D25BEA1FB47 /* Pods-Sample5Tests.release.xcconfig */ = {isa = PBXFileReference; includeInIndex = 1; lastKnownFileType = text.xcconfig; name = "Pods-Sample5Tests.release.xcconfig"; path = "Target Support Files/Pods-Sample5Tests/Pods-Sample5Tests.release.xcconfig"; sourceTree = "<group>"; };
		4E9B3109C8E526E2CB6B8FEE /* Pods-Sample5.debug.xcconfig */ = {isa = PBXFileReference; includeInIndex = 1; lastKnownFileType = text.xcconfig; name = "Pods-Sample5.debug.xcconfig"; path = "Target Support Files/Pods-Sample5/Pods-Sample5.debug.xcconfig"; sourceTree = "<group>"; };
		7790433105832B5C17EEDFEF /* Pods_Sample5_Sample5UITests.framework */ = {isa = PBXFileReference; explicitFileType = wrapper.framework; includeInIndex = 0; path = Pods_Sample5_Sample5UITests.framework; sourceTree = BUILT_PRODUCTS_DIR; };
		CD78DE9BA85769B7F7CF7731 /* Pods-Sample5-Sample5UITests.release.xcconfig */ = {isa = PBXFileReference; includeInIndex = 1; lastKnownFileType = text.xcconfig; name = "Pods-Sample5-Sample5UITests.release.xcconfig"; path = "Target Support Files/Pods-Sample5-Sample5UITests/Pods-Sample5-Sample5UITests.release.xcconfig"; sourceTree = "<group>"; };
		CF03B9EE982394680AEEB9D5 /* Pods-Sample5.release.xcconfig */ = {isa = PBXFileReference; includeInIndex = 1; lastKnownFileType = text.xcconfig; name = "Pods-Sample5.release.xcconfig"; path = "Target Support Files/Pods-Sample5/Pods-Sample5.release.xcconfig"; sourceTree = "<group>"; };
		E98317626A1EC60FB07F8031 /* Pods-Sample5-Sample5UITests.debug.xcconfig */ = {isa = PBXFileReference; includeInIndex = 1; lastKnownFileType = text.xcconfig; name = "Pods-Sample5-Sample5UITests.debug.xcconfig"; path = "Target Support Files/Pods-Sample5-Sample5UITests/Pods-Sample5-Sample5UITests.debug.xcconfig"; sourceTree = "<group>"; };
		EA63BA45CCE340069CC8121E /* Pods_Sample5.framework */ = {isa = PBXFileReference; explicitFileType = wrapper.framework; includeInIndex = 0; path = Pods_Sample5.framework; sourceTree = BUILT_PRODUCTS_DIR; };
		EDAF56C026250AB000DFC084 /* Sample5.app */ = {isa = PBXFileReference; explicitFileType = wrapper.application; includeInIndex = 0; path = Sample5.app; sourceTree = BUILT_PRODUCTS_DIR; };
		EDAF56C326250AB000DFC084 /* AppDelegate.swift */ = {isa = PBXFileReference; lastKnownFileType = sourcecode.swift; path = AppDelegate.swift; sourceTree = "<group>"; };
		EDAF56C526250AB000DFC084 /* SceneDelegate.swift */ = {isa = PBXFileReference; lastKnownFileType = sourcecode.swift; path = SceneDelegate.swift; sourceTree = "<group>"; };
		EDAF56C726250AB000DFC084 /* ViewController.swift */ = {isa = PBXFileReference; lastKnownFileType = sourcecode.swift; path = ViewController.swift; sourceTree = "<group>"; };
		EDAF56CA26250AB000DFC084 /* Base */ = {isa = PBXFileReference; lastKnownFileType = file.storyboard; name = Base; path = Base.lproj/Main.storyboard; sourceTree = "<group>"; };
		EDAF56CC26250AB100DFC084 /* Assets.xcassets */ = {isa = PBXFileReference; lastKnownFileType = folder.assetcatalog; path = Assets.xcassets; sourceTree = "<group>"; };
		EDAF56CF26250AB100DFC084 /* Base */ = {isa = PBXFileReference; lastKnownFileType = file.storyboard; name = Base; path = Base.lproj/LaunchScreen.storyboard; sourceTree = "<group>"; };
		EDAF56D126250AB100DFC084 /* Info.plist */ = {isa = PBXFileReference; lastKnownFileType = text.plist.xml; path = Info.plist; sourceTree = "<group>"; };
		EDAF56D626250AB100DFC084 /* Sample5Tests.xctest */ = {isa = PBXFileReference; explicitFileType = wrapper.cfbundle; includeInIndex = 0; path = Sample5Tests.xctest; sourceTree = BUILT_PRODUCTS_DIR; };
		EDAF56DA26250AB100DFC084 /* Sample5Tests.swift */ = {isa = PBXFileReference; lastKnownFileType = sourcecode.swift; path = Sample5Tests.swift; sourceTree = "<group>"; };
		EDAF56DC26250AB100DFC084 /* Info.plist */ = {isa = PBXFileReference; lastKnownFileType = text.plist.xml; path = Info.plist; sourceTree = "<group>"; };
		EDAF56E126250AB100DFC084 /* Sample5UITests.xctest */ = {isa = PBXFileReference; explicitFileType = wrapper.cfbundle; includeInIndex = 0; path = Sample5UITests.xctest; sourceTree = BUILT_PRODUCTS_DIR; };
		EDAF56E526250AB100DFC084 /* Sample5UITests.swift */ = {isa = PBXFileReference; lastKnownFileType = sourcecode.swift; path = Sample5UITests.swift; sourceTree = "<group>"; };
		EDAF56E726250AB100DFC084 /* Info.plist */ = {isa = PBXFileReference; lastKnownFileType = text.plist.xml; path = Info.plist; sourceTree = "<group>"; };
		EDAF575C262682B900DFC084 /* GoogleService-Info.plist */ = {isa = PBXFileReference; fileEncoding = 4; lastKnownFileType = text.plist.xml; name = "GoogleService-Info.plist"; path = "../../../Downloads/GoogleService-Info.plist"; sourceTree = "<group>"; };
		EDAF57992626904100DFC084 /* HomePageViewController.swift */ = {isa = PBXFileReference; lastKnownFileType = sourcecode.swift; path = HomePageViewController.swift; sourceTree = "<group>"; };
/* End PBXFileReference section */

/* Begin PBXFrameworksBuildPhase section */
		EDAF56BD26250AB000DFC084 /* Frameworks */ = {
			isa = PBXFrameworksBuildPhase;
			buildActionMask = 2147483647;
			files = (
				CF7B572C3C8E78B9052B7244 /* Pods_Sample5.framework in Frameworks */,
			);
			runOnlyForDeploymentPostprocessing = 0;
		};
		EDAF56D326250AB100DFC084 /* Frameworks */ = {
			isa = PBXFrameworksBuildPhase;
			buildActionMask = 2147483647;
			files = (
				665CEDA0A5384EF32EDA109E /* Pods_Sample5Tests.framework in Frameworks */,
			);
			runOnlyForDeploymentPostprocessing = 0;
		};
		EDAF56DE26250AB100DFC084 /* Frameworks */ = {
			isa = PBXFrameworksBuildPhase;
			buildActionMask = 2147483647;
			files = (
				E277952934D121F60D3C85BD /* Pods_Sample5_Sample5UITests.framework in Frameworks */,
			);
			runOnlyForDeploymentPostprocessing = 0;
		};
/* End PBXFrameworksBuildPhase section */

/* Begin PBXGroup section */
		C091CF8339AB896CE1562618 /* Pods */ = {
			isa = PBXGroup;
			children = (
				4E9B3109C8E526E2CB6B8FEE /* Pods-Sample5.debug.xcconfig */,
				CF03B9EE982394680AEEB9D5 /* Pods-Sample5.release.xcconfig */,
				E98317626A1EC60FB07F8031 /* Pods-Sample5-Sample5UITests.debug.xcconfig */,
				CD78DE9BA85769B7F7CF7731 /* Pods-Sample5-Sample5UITests.release.xcconfig */,
				179067A74CD67738BA9BCC4D /* Pods-Sample5Tests.debug.xcconfig */,
				21C01B51DE141D25BEA1FB47 /* Pods-Sample5Tests.release.xcconfig */,
			);
			path = Pods;
			sourceTree = "<group>";
		};
		EDAF56B726250AAF00DFC084 = {
			isa = PBXGroup;
			children = (
				EDAF56C226250AB000DFC084 /* Sample5 */,
				EDAF56D926250AB100DFC084 /* Sample5Tests */,
				EDAF56E426250AB100DFC084 /* Sample5UITests */,
				EDAF56C126250AB000DFC084 /* Products */,
				C091CF8339AB896CE1562618 /* Pods */,
				EDD42B93CFAC49AA6E322E15 /* Frameworks */,
			);
			sourceTree = "<group>";
		};
		EDAF56C126250AB000DFC084 /* Products */ = {
			isa = PBXGroup;
			children = (
				EDAF56C026250AB000DFC084 /* Sample5.app */,
				EDAF56D626250AB100DFC084 /* Sample5Tests.xctest */,
				EDAF56E126250AB100DFC084 /* Sample5UITests.xctest */,
			);
			name = Products;
			sourceTree = "<group>";
		};
		EDAF56C226250AB000DFC084 /* Sample5 */ = {
			isa = PBXGroup;
			children = (
				EDAF56C326250AB000DFC084 /* AppDelegate.swift */,
				EDAF56C526250AB000DFC084 /* SceneDelegate.swift */,
				EDAF56C726250AB000DFC084 /* ViewController.swift */,
				EDAF56C926250AB000DFC084 /* Main.storyboard */,
				EDAF56CC26250AB100DFC084 /* Assets.xcassets */,
				EDAF56CE26250AB100DFC084 /* LaunchScreen.storyboard */,
				EDAF56D126250AB100DFC084 /* Info.plist */,
				EDAF575C262682B900DFC084 /* GoogleService-Info.plist */,
				EDAF57992626904100DFC084 /* HomePageViewController.swift */,
			);
			path = Sample5;
			sourceTree = "<group>";
		};
		EDAF56D926250AB100DFC084 /* Sample5Tests */ = {
			isa = PBXGroup;
			children = (
				EDAF56DA26250AB100DFC084 /* Sample5Tests.swift */,
				EDAF56DC26250AB100DFC084 /* Info.plist */,
			);
			path = Sample5Tests;
			sourceTree = "<group>";
		};
		EDAF56E426250AB100DFC084 /* Sample5UITests */ = {
			isa = PBXGroup;
			children = (
				EDAF56E526250AB100DFC084 /* Sample5UITests.swift */,
				EDAF56E726250AB100DFC084 /* Info.plist */,
			);
			path = Sample5UITests;
			sourceTree = "<group>";
		};
		EDD42B93CFAC49AA6E322E15 /* Frameworks */ = {
			isa = PBXGroup;
			children = (
				EA63BA45CCE340069CC8121E /* Pods_Sample5.framework */,
				7790433105832B5C17EEDFEF /* Pods_Sample5_Sample5UITests.framework */,
				067206AFA354A180D710AFD8 /* Pods_Sample5Tests.framework */,
			);
			name = Frameworks;
			sourceTree = "<group>";
		};
/* End PBXGroup section */

/* Begin PBXNativeTarget section */
		EDAF56BF26250AB000DFC084 /* Sample5 */ = {
			isa = PBXNativeTarget;
			buildConfigurationList = EDAF56EA26250AB100DFC084 /* Build configuration list for PBXNativeTarget "Sample5" */;
			buildPhases = (
				B917B90C5B54EC59020EC5D8 /* [CP] Check Pods Manifest.lock */,
				EDAF56BC26250AB000DFC084 /* Sources */,
				EDAF56BD26250AB000DFC084 /* Frameworks */,
				EDAF56BE26250AB000DFC084 /* Resources */,
				3A587108D92D3F0AC718EF08 /* [CP] Embed Pods Frameworks */,
			);
			buildRules = (
			);
			dependencies = (
			);
			name = Sample5;
			productName = Sample5;
			productReference = EDAF56C026250AB000DFC084 /* Sample5.app */;
			productType = "com.apple.product-type.application";
		};
		EDAF56D526250AB100DFC084 /* Sample5Tests */ = {
			isa = PBXNativeTarget;
			buildConfigurationList = EDAF56ED26250AB100DFC084 /* Build configuration list for PBXNativeTarget "Sample5Tests" */;
			buildPhases = (
				DA039F845ABDE365AB1DD1AC /* [CP] Check Pods Manifest.lock */,
				EDAF56D226250AB100DFC084 /* Sources */,
				EDAF56D326250AB100DFC084 /* Frameworks */,
				EDAF56D426250AB100DFC084 /* Resources */,
			);
			buildRules = (
			);
			dependencies = (
				EDAF56D826250AB100DFC084 /* PBXTargetDependency */,
			);
			name = Sample5Tests;
			productName = Sample5Tests;
			productReference = EDAF56D626250AB100DFC084 /* Sample5Tests.xctest */;
			productType = "com.apple.product-type.bundle.unit-test";
		};
		EDAF56E026250AB100DFC084 /* Sample5UITests */ = {
			isa = PBXNativeTarget;
			buildConfigurationList = EDAF56F026250AB100DFC084 /* Build configuration list for PBXNativeTarget "Sample5UITests" */;
			buildPhases = (
				5FAC4885C039BC955E1531A8 /* [CP] Check Pods Manifest.lock */,
				EDAF56DD26250AB100DFC084 /* Sources */,
				EDAF56DE26250AB100DFC084 /* Frameworks */,
				EDAF56DF26250AB100DFC084 /* Resources */,
				571E3C60B968685D7B2F4448 /* [CP] Embed Pods Frameworks */,
			);
			buildRules = (
			);
			dependencies = (
				EDAF56E326250AB100DFC084 /* PBXTargetDependency */,
			);
			name = Sample5UITests;
			productName = Sample5UITests;
			productReference = EDAF56E126250AB100DFC084 /* Sample5UITests.xctest */;
			productType = "com.apple.product-type.bundle.ui-testing";
		};
/* End PBXNativeTarget section */

/* Begin PBXProject section */
		EDAF56B826250AAF00DFC084 /* Project object */ = {
			isa = PBXProject;
			attributes = {
				LastSwiftUpdateCheck = 1240;
				LastUpgradeCheck = 1240;
				TargetAttributes = {
					EDAF56BF26250AB000DFC084 = {
						CreatedOnToolsVersion = 12.4;
					};
					EDAF56D526250AB100DFC084 = {
						CreatedOnToolsVersion = 12.4;
						TestTargetID = EDAF56BF26250AB000DFC084;
					};
					EDAF56E026250AB100DFC084 = {
						CreatedOnToolsVersion = 12.4;
						TestTargetID = EDAF56BF26250AB000DFC084;
					};
				};
			};
			buildConfigurationList = EDAF56BB26250AAF00DFC084 /* Build configuration list for PBXProject "Sample5" */;
			compatibilityVersion = "Xcode 9.3";
			developmentRegion = en;
			hasScannedForEncodings = 0;
			knownRegions = (
				en,
				Base,
			);
			mainGroup = EDAF56B726250AAF00DFC084;
			productRefGroup = EDAF56C126250AB000DFC084 /* Products */;
			projectDirPath = "";
			projectRoot = "";
			targets = (
				EDAF56BF26250AB000DFC084 /* Sample5 */,
				EDAF56D526250AB100DFC084 /* Sample5Tests */,
				EDAF56E026250AB100DFC084 /* Sample5UITests */,
			);
		};
/* End PBXProject section */

/* Begin PBXResourcesBuildPhase section */
		EDAF56BE26250AB000DFC084 /* Resources */ = {
			isa = PBXResourcesBuildPhase;
			buildActionMask = 2147483647;
			files = (
				EDAF56D026250AB100DFC084 /* LaunchScreen.storyboard in Resources */,
				EDAF575D262682B900DFC084 /* GoogleService-Info.plist in Resources */,
				EDAF56CD26250AB100DFC084 /* Assets.xcassets in Resources */,
				EDAF56CB26250AB000DFC084 /* Main.storyboard in Resources */,
			);
			runOnlyForDeploymentPostprocessing = 0;
		};
		EDAF56D426250AB100DFC084 /* Resources */ = {
			isa = PBXResourcesBuildPhase;
			buildActionMask = 2147483647;
			files = (
			);
			runOnlyForDeploymentPostprocessing = 0;
		};
		EDAF56DF26250AB100DFC084 /* Resources */ = {
			isa = PBXResourcesBuildPhase;
			buildActionMask = 2147483647;
			files = (
			);
			runOnlyForDeploymentPostprocessing = 0;
		};
/* End PBXResourcesBuildPhase section */

/* Begin PBXShellScriptBuildPhase section */
		3A587108D92D3F0AC718EF08 /* [CP] Embed Pods Frameworks */ = {
			isa = PBXShellScriptBuildPhase;
			buildActionMask = 2147483647;
			files = (
			);
			inputFileListPaths = (
				"${PODS_ROOT}/Target Support Files/Pods-Sample5/Pods-Sample5-frameworks-${CONFIGURATION}-input-files.xcfilelist",
			);
			name = "[CP] Embed Pods Frameworks";
			outputFileListPaths = (
				"${PODS_ROOT}/Target Support Files/Pods-Sample5/Pods-Sample5-frameworks-${CONFIGURATION}-output-files.xcfilelist",
			);
			runOnlyForDeploymentPostprocessing = 0;
			shellPath = /bin/sh;
			shellScript = "\"${PODS_ROOT}/Target Support Files/Pods-Sample5/Pods-Sample5-frameworks.sh\"\n";
			showEnvVarsInLog = 0;
		};
		571E3C60B968685D7B2F4448 /* [CP] Embed Pods Frameworks */ = {
			isa = PBXShellScriptBuildPhase;
			buildActionMask = 2147483647;
			files = (
			);
			inputFileListPaths = (
				"${PODS_ROOT}/Target Support Files/Pods-Sample5-Sample5UITests/Pods-Sample5-Sample5UITests-frameworks-${CONFIGURATION}-input-files.xcfilelist",
			);
			name = "[CP] Embed Pods Frameworks";
			outputFileListPaths = (
				"${PODS_ROOT}/Target Support Files/Pods-Sample5-Sample5UITests/Pods-Sample5-Sample5UITests-frameworks-${CONFIGURATION}-output-files.xcfilelist",
			);
			runOnlyForDeploymentPostprocessing = 0;
			shellPath = /bin/sh;
			shellScript = "\"${PODS_ROOT}/Target Support Files/Pods-Sample5-Sample5UITests/Pods-Sample5-Sample5UITests-frameworks.sh\"\n";
			showEnvVarsInLog = 0;
		};
		5FAC4885C039BC955E1531A8 /* [CP] Check Pods Manifest.lock */ = {
			isa = PBXShellScriptBuildPhase;
			buildActionMask = 2147483647;
			files = (
			);
			inputFileListPaths = (
			);
			inputPaths = (
				"${PODS_PODFILE_DIR_PATH}/Podfile.lock",
				"${PODS_ROOT}/Manifest.lock",
			);
			name = "[CP] Check Pods Manifest.lock";
			outputFileListPaths = (
			);
			outputPaths = (
				"$(DERIVED_FILE_DIR)/Pods-Sample5-Sample5UITests-checkManifestLockResult.txt",
			);
			runOnlyForDeploymentPostprocessing = 0;
			shellPath = /bin/sh;
			shellScript = "diff \"${PODS_PODFILE_DIR_PATH}/Podfile.lock\" \"${PODS_ROOT}/Manifest.lock\" > /dev/null\nif [ $? != 0 ] ; then\n    # print error to STDERR\n    echo \"error: The sandbox is not in sync with the Podfile.lock. Run 'pod install' or update your CocoaPods installation.\" >&2\n    exit 1\nfi\n# This output is used by Xcode 'outputs' to avoid re-running this script phase.\necho \"SUCCESS\" > \"${SCRIPT_OUTPUT_FILE_0}\"\n";
			showEnvVarsInLog = 0;
		};
		B917B90C5B54EC59020EC5D8 /* [CP] Check Pods Manifest.lock */ = {
			isa = PBXShellScriptBuildPhase;
			buildActionMask = 2147483647;
			files = (
			);
			inputFileListPaths = (
			);
			inputPaths = (
				"${PODS_PODFILE_DIR_PATH}/Podfile.lock",
				"${PODS_ROOT}/Manifest.lock",
			);
			name = "[CP] Check Pods Manifest.lock";
			outputFileListPaths = (
			);
			outputPaths = (
				"$(DERIVED_FILE_DIR)/Pods-Sample5-checkManifestLockResult.txt",
			);
			runOnlyForDeploymentPostprocessing = 0;
			shellPath = /bin/sh;
			shellScript = "diff \"${PODS_PODFILE_DIR_PATH}/Podfile.lock\" \"${PODS_ROOT}/Manifest.lock\" > /dev/null\nif [ $? != 0 ] ; then\n    # print error to STDERR\n    echo \"error: The sandbox is not in sync with the Podfile.lock. Run 'pod install' or update your CocoaPods installation.\" >&2\n    exit 1\nfi\n# This output is used by Xcode 'outputs' to avoid re-running this script phase.\necho \"SUCCESS\" > \"${SCRIPT_OUTPUT_FILE_0}\"\n";
			showEnvVarsInLog = 0;
		};
		DA039F845ABDE365AB1DD1AC /* [CP] Check Pods Manifest.lock */ = {
			isa = PBXShellScriptBuildPhase;
			buildActionMask = 2147483647;
			files = (
			);
			inputFileListPaths = (
			);
			inputPaths = (
				"${PODS_PODFILE_DIR_PATH}/Podfile.lock",
				"${PODS_ROOT}/Manifest.lock",
			);
			name = "[CP] Check Pods Manifest.lock";
			outputFileListPaths = (
			);
			outputPaths = (
				"$(DERIVED_FILE_DIR)/Pods-Sample5Tests-checkManifestLockResult.txt",
			);
			runOnlyForDeploymentPostprocessing = 0;
			shellPath = /bin/sh;
			shellScript = "diff \"${PODS_PODFILE_DIR_PATH}/Podfile.lock\" \"${PODS_ROOT}/Manifest.lock\" > /dev/null\nif [ $? != 0 ] ; then\n    # print error to STDERR\n    echo \"error: The sandbox is not in sync with the Podfile.lock. Run 'pod install' or update your CocoaPods installation.\" >&2\n    exit 1\nfi\n# This output is used by Xcode 'outputs' to avoid re-running this script phase.\necho \"SUCCESS\" > \"${SCRIPT_OUTPUT_FILE_0}\"\n";
			showEnvVarsInLog = 0;
		};
/* End PBXShellScriptBuildPhase section */

/* Begin PBXSourcesBuildPhase section */
		EDAF56BC26250AB000DFC084 /* Sources */ = {
			isa = PBXSourcesBuildPhase;
			buildActionMask = 2147483647;
			files = (
				EDAF579A2626904100DFC084 /* HomePageViewController.swift in Sources */,
				EDAF56C826250AB000DFC084 /* ViewController.swift in Sources */,
				EDAF56C426250AB000DFC084 /* AppDelegate.swift in Sources */,
				EDAF56C626250AB000DFC084 /* SceneDelegate.swift in Sources */,
			);
			runOnlyForDeploymentPostprocessing = 0;
		};
		EDAF56D226250AB100DFC084 /* Sources */ = {
			isa = PBXSourcesBuildPhase;
			buildActionMask = 2147483647;
			files = (
				EDAF56DB26250AB100DFC084 /* Sample5Tests.swift in Sources */,
			);
			runOnlyForDeploymentPostprocessing = 0;
		};
		EDAF56DD26250AB100DFC084 /* Sources */ = {
			isa = PBXSourcesBuildPhase;
			buildActionMask = 2147483647;
			files = (
				EDAF56E626250AB100DFC084 /* Sample5UITests.swift in Sources */,
			);
			runOnlyForDeploymentPostprocessing = 0;
		};
/* End PBXSourcesBuildPhase section */

/* Begin PBXTargetDependency section */
		EDAF56D826250AB100DFC084 /* PBXTargetDependency */ = {
			isa = PBXTargetDependency;
			target = EDAF56BF26250AB000DFC084 /* Sample5 */;
			targetProxy = EDAF56D726250AB100DFC084 /* PBXContainerItemProxy */;
		};
		EDAF56E326250AB100DFC084 /* PBXTargetDependency */ = {
			isa = PBXTargetDependency;
			target = EDAF56BF26250AB000DFC084 /* Sample5 */;
			targetProxy = EDAF56E226250AB100DFC084 /* PBXContainerItemProxy */;
		};
/* End PBXTargetDependency section */

/* Begin PBXVariantGroup section */
		EDAF56C926250AB000DFC084 /* Main.storyboard */ = {
			isa = PBXVariantGroup;
			children = (
				EDAF56CA26250AB000DFC084 /* Base */,
			);
			name = Main.storyboard;
			sourceTree = "<group>";
		};
		EDAF56CE26250AB100DFC084 /* LaunchScreen.storyboard */ = {
			isa = PBXVariantGroup;
			children = (
				EDAF56CF26250AB100DFC084 /* Base */,
			);
			name = LaunchScreen.storyboard;
			sourceTree = "<group>";
		};
/* End PBXVariantGroup section */

/* Begin XCBuildConfiguration section */
		EDAF56E826250AB100DFC084 /* Debug */ = {
			isa = XCBuildConfiguration;
			buildSettings = {
				ALWAYS_SEARCH_USER_PATHS = NO;
				CLANG_ANALYZER_NONNULL = YES;
				CLANG_ANALYZER_NUMBER_OBJECT_CONVERSION = YES_AGGRESSIVE;
				CLANG_CXX_LANGUAGE_STANDARD = "gnu++14";
				CLANG_CXX_LIBRARY = "libc++";
				CLANG_ENABLE_MODULES = YES;
				CLANG_ENABLE_OBJC_ARC = YES;
				CLANG_ENABLE_OBJC_WEAK = YES;
				CLANG_WARN_BLOCK_CAPTURE_AUTORELEASING = YES;
				CLANG_WARN_BOOL_CONVERSION = YES;
				CLANG_WARN_COMMA = YES;
				CLANG_WARN_CONSTANT_CONVERSION = YES;
				CLANG_WARN_DEPRECATED_OBJC_IMPLEMENTATIONS = YES;
				CLANG_WARN_DIRECT_OBJC_ISA_USAGE = YES_ERROR;
				CLANG_WARN_DOCUMENTATION_COMMENTS = YES;
				CLANG_WARN_EMPTY_BODY = YES;
				CLANG_WARN_ENUM_CONVERSION = YES;
				CLANG_WARN_INFINITE_RECURSION = YES;
				CLANG_WARN_INT_CONVERSION = YES;
				CLANG_WARN_NON_LITERAL_NULL_CONVERSION = YES;
				CLANG_WARN_OBJC_IMPLICIT_RETAIN_SELF = YES;
				CLANG_WARN_OBJC_LITERAL_CONVERSION = YES;
				CLANG_WARN_OBJC_ROOT_CLASS = YES_ERROR;
				CLANG_WARN_QUOTED_INCLUDE_IN_FRAMEWORK_HEADER = YES;
				CLANG_WARN_RANGE_LOOP_ANALYSIS = YES;
				CLANG_WARN_STRICT_PROTOTYPES = YES;
				CLANG_WARN_SUSPICIOUS_MOVE = YES;
				CLANG_WARN_UNGUARDED_AVAILABILITY = YES_AGGRESSIVE;
				CLANG_WARN_UNREACHABLE_CODE = YES;
				CLANG_WARN__DUPLICATE_METHOD_MATCH = YES;
				COPY_PHASE_STRIP = NO;
				DEBUG_INFORMATION_FORMAT = dwarf;
				ENABLE_STRICT_OBJC_MSGSEND = YES;
				ENABLE_TESTABILITY = YES;
				GCC_C_LANGUAGE_STANDARD = gnu11;
				GCC_DYNAMIC_NO_PIC = NO;
				GCC_NO_COMMON_BLOCKS = YES;
				GCC_OPTIMIZATION_LEVEL = 0;
				GCC_PREPROCESSOR_DEFINITIONS = (
					"DEBUG=1",
					"$(inherited)",
				);
				GCC_WARN_64_TO_32_BIT_CONVERSION = YES;
				GCC_WARN_ABOUT_RETURN_TYPE = YES_ERROR;
				GCC_WARN_UNDECLARED_SELECTOR = YES;
				GCC_WARN_UNINITIALIZED_AUTOS = YES_AGGRESSIVE;
				GCC_WARN_UNUSED_FUNCTION = YES;
				GCC_WARN_UNUSED_VARIABLE = YES;
				IPHONEOS_DEPLOYMENT_TARGET = 14.4;
				MTL_ENABLE_DEBUG_INFO = INCLUDE_SOURCE;
				MTL_FAST_MATH = YES;
				ONLY_ACTIVE_ARCH = YES;
				SDKROOT = iphoneos;
				SWIFT_ACTIVE_COMPILATION_CONDITIONS = DEBUG;
				SWIFT_OPTIMIZATION_LEVEL = "-Onone";
			};
			name = Debug;
		};
		EDAF56E926250AB100DFC084 /* Release */ = {
			isa = XCBuildConfiguration;
			buildSettings = {
				ALWAYS_SEARCH_USER_PATHS = NO;
				CLANG_ANALYZER_NONNULL = YES;
				CLANG_ANALYZER_NUMBER_OBJECT_CONVERSION = YES_AGGRESSIVE;
				CLANG_CXX_LANGUAGE_STANDARD = "gnu++14";
				CLANG_CXX_LIBRARY = "libc++";
				CLANG_ENABLE_MODULES = YES;
				CLANG_ENABLE_OBJC_ARC = YES;
				CLANG_ENABLE_OBJC_WEAK = YES;
				CLANG_WARN_BLOCK_CAPTURE_AUTORELEASING = YES;
				CLANG_WARN_BOOL_CONVERSION = YES;
				CLANG_WARN_COMMA = YES;
				CLANG_WARN_CONSTANT_CONVERSION = YES;
				CLANG_WARN_DEPRECATED_OBJC_IMPLEMENTATIONS = YES;
				CLANG_WARN_DIRECT_OBJC_ISA_USAGE = YES_ERROR;
				CLANG_WARN_DOCUMENTATION_COMMENTS = YES;
				CLANG_WARN_EMPTY_BODY = YES;
				CLANG_WARN_ENUM_CONVERSION = YES;
				CLANG_WARN_INFINITE_RECURSION = YES;
				CLANG_WARN_INT_CONVERSION = YES;
				CLANG_WARN_NON_LITERAL_NULL_CONVERSION = YES;
				CLANG_WARN_OBJC_IMPLICIT_RETAIN_SELF = YES;
				CLANG_WARN_OBJC_LITERAL_CONVERSION = YES;
				CLANG_WARN_OBJC_ROOT_CLASS = YES_ERROR;
				CLANG_WARN_QUOTED_INCLUDE_IN_FRAMEWORK_HEADER = YES;
				CLANG_WARN_RANGE_LOOP_ANALYSIS = YES;
				CLANG_WARN_STRICT_PROTOTYPES = YES;
				CLANG_WARN_SUSPICIOUS_MOVE = YES;
				CLANG_WARN_UNGUARDED_AVAILABILITY = YES_AGGRESSIVE;
				CLANG_WARN_UNREACHABLE_CODE = YES;
				CLANG_WARN__DUPLICATE_METHOD_MATCH = YES;
				COPY_PHASE_STRIP = NO;
				DEBUG_INFORMATION_FORMAT = "dwarf-with-dsym";
				ENABLE_NS_ASSERTIONS = NO;
				ENABLE_STRICT_OBJC_MSGSEND = YES;
				GCC_C_LANGUAGE_STANDARD = gnu11;
				GCC_NO_COMMON_BLOCKS = YES;
				GCC_WARN_64_TO_32_BIT_CONVERSION = YES;
				GCC_WARN_ABOUT_RETURN_TYPE = YES_ERROR;
				GCC_WARN_UNDECLARED_SELECTOR = YES;
				GCC_WARN_UNINITIALIZED_AUTOS = YES_AGGRESSIVE;
				GCC_WARN_UNUSED_FUNCTION = YES;
				GCC_WARN_UNUSED_VARIABLE = YES;
				IPHONEOS_DEPLOYMENT_TARGET = 14.4;
				MTL_ENABLE_DEBUG_INFO = NO;
				MTL_FAST_MATH = YES;
				SDKROOT = iphoneos;
				SWIFT_COMPILATION_MODE = wholemodule;
				SWIFT_OPTIMIZATION_LEVEL = "-O";
				VALIDATE_PRODUCT = YES;
			};
			name = Release;
		};
		EDAF56EB26250AB100DFC084 /* Debug */ = {
			isa = XCBuildConfiguration;
			baseConfigurationReference = 4E9B3109C8E526E2CB6B8FEE /* Pods-Sample5.debug.xcconfig */;
			buildSettings = {
				ASSETCATALOG_COMPILER_APPICON_NAME = AppIcon;
				ASSETCATALOG_COMPILER_GLOBAL_ACCENT_COLOR_NAME = AccentColor;
				CODE_SIGN_STYLE = Automatic;
				DEVELOPMENT_TEAM = CT72VQ38LU;
				INFOPLIST_FILE = Sample5/Info.plist;
				LD_RUNPATH_SEARCH_PATHS = (
					"$(inherited)",
					"@executable_path/Frameworks",
				);
				PRODUCT_BUNDLE_IDENTIFIER = com.anandchinte.Sample5;
				PRODUCT_NAME = "$(TARGET_NAME)";
				SWIFT_VERSION = 5.0;
				TARGETED_DEVICE_FAMILY = "1,2";
			};
			name = Debug;
		};
		EDAF56EC26250AB100DFC084 /* Release */ = {
			isa = XCBuildConfiguration;
			baseConfigurationReference = CF03B9EE982394680AEEB9D5 /* Pods-Sample5.release.xcconfig */;
			buildSettings = {
				ASSETCATALOG_COMPILER_APPICON_NAME = AppIcon;
				ASSETCATALOG_COMPILER_GLOBAL_ACCENT_COLOR_NAME = AccentColor;
				CODE_SIGN_STYLE = Automatic;
				DEVELOPMENT_TEAM = CT72VQ38LU;
				INFOPLIST_FILE = Sample5/Info.plist;
				LD_RUNPATH_SEARCH_PATHS = (
					"$(inherited)",
					"@executable_path/Frameworks",
				);
				PRODUCT_BUNDLE_IDENTIFIER = com.anandchinte.Sample5;
				PRODUCT_NAME = "$(TARGET_NAME)";
				SWIFT_VERSION = 5.0;
				TARGETED_DEVICE_FAMILY = "1,2";
			};
			name = Release;
		};
		EDAF56EE26250AB100DFC084 /* Debug */ = {
			isa = XCBuildConfiguration;
			baseConfigurationReference = 179067A74CD67738BA9BCC4D /* Pods-Sample5Tests.debug.xcconfig */;
			buildSettings = {
				ALWAYS_EMBED_SWIFT_STANDARD_LIBRARIES = YES;
				BUNDLE_LOADER = "$(TEST_HOST)";
				CODE_SIGN_STYLE = Automatic;
				DEVELOPMENT_TEAM = CT72VQ38LU;
				INFOPLIST_FILE = Sample5Tests/Info.plist;
				IPHONEOS_DEPLOYMENT_TARGET = 14.4;
				LD_RUNPATH_SEARCH_PATHS = (
					"$(inherited)",
					"@executable_path/Frameworks",
					"@loader_path/Frameworks",
				);
				PRODUCT_BUNDLE_IDENTIFIER = com.anandchinte.Sample5Tests;
				PRODUCT_NAME = "$(TARGET_NAME)";
				SWIFT_VERSION = 5.0;
				TARGETED_DEVICE_FAMILY = "1,2";
				TEST_HOST = "$(BUILT_PRODUCTS_DIR)/Sample5.app/Sample5";
			};
			name = Debug;
		};
		EDAF56EF26250AB100DFC084 /* Release */ = {
			isa = XCBuildConfiguration;
			baseConfigurationReference = 21C01B51DE141D25BEA1FB47 /* Pods-Sample5Tests.release.xcconfig */;
			buildSettings = {
				ALWAYS_EMBED_SWIFT_STANDARD_LIBRARIES = YES;
				BUNDLE_LOADER = "$(TEST_HOST)";
				CODE_SIGN_STYLE = Automatic;
				DEVELOPMENT_TEAM = CT72VQ38LU;
				INFOPLIST_FILE = Sample5Tests/Info.plist;
				IPHONEOS_DEPLOYMENT_TARGET = 14.4;
				LD_RUNPATH_SEARCH_PATHS = (
					"$(inherited)",
					"@executable_path/Frameworks",
					"@loader_path/Frameworks",
				);
				PRODUCT_BUNDLE_IDENTIFIER = com.anandchinte.Sample5Tests;
				PRODUCT_NAME = "$(TARGET_NAME)";
				SWIFT_VERSION = 5.0;
				TARGETED_DEVICE_FAMILY = "1,2";
				TEST_HOST = "$(BUILT_PRODUCTS_DIR)/Sample5.app/Sample5";
			};
			name = Release;
		};
		EDAF56F126250AB100DFC084 /* Debug */ = {
			isa = XCBuildConfiguration;
			baseConfigurationReference = E98317626A1EC60FB07F8031 /* Pods-Sample5-Sample5UITests.debug.xcconfig */;
			buildSettings = {
				ALWAYS_EMBED_SWIFT_STANDARD_LIBRARIES = YES;
				CODE_SIGN_STYLE = Automatic;
				DEVELOPMENT_TEAM = CT72VQ38LU;
				INFOPLIST_FILE = Sample5UITests/Info.plist;
				LD_RUNPATH_SEARCH_PATHS = (
					"$(inherited)",
					"@executable_path/Frameworks",
					"@loader_path/Frameworks",
				);
				PRODUCT_BUNDLE_IDENTIFIER = com.anandchinte.Sample5UITests;
				PRODUCT_NAME = "$(TARGET_NAME)";
				SWIFT_VERSION = 5.0;
				TARGETED_DEVICE_FAMILY = "1,2";
				TEST_TARGET_NAME = Sample5;
			};
			name = Debug;
		};
		EDAF56F226250AB100DFC084 /* Release */ = {
			isa = XCBuildConfiguration;
			baseConfigurationReference = CD78DE9BA85769B7F7CF7731 /* Pods-Sample5-Sample5UITests.release.xcconfig */;
			buildSettings = {
				ALWAYS_EMBED_SWIFT_STANDARD_LIBRARIES = YES;
				CODE_SIGN_STYLE = Automatic;
				DEVELOPMENT_TEAM = CT72VQ38LU;
				INFOPLIST_FILE = Sample5UITests/Info.plist;
				LD_RUNPATH_SEARCH_PATHS = (
					"$(inherited)",
					"@executable_path/Frameworks",
					"@loader_path/Frameworks",
				);
				PRODUCT_BUNDLE_IDENTIFIER = com.anandchinte.Sample5UITests;
				PRODUCT_NAME = "$(TARGET_NAME)";
				SWIFT_VERSION = 5.0;
				TARGETED_DEVICE_FAMILY = "1,2";
				TEST_TARGET_NAME = Sample5;
			};
			name = Release;
		};
/* End XCBuildConfiguration section */

/* Begin XCConfigurationList section */
		EDAF56BB26250AAF00DFC084 /* Build configuration list for PBXProject "Sample5" */ = {
			isa = XCConfigurationList;
			buildConfigurations = (
				EDAF56E826250AB100DFC084 /* Debug */,
				EDAF56E926250AB100DFC084 /* Release */,
			);
			defaultConfigurationIsVisible = 0;
			defaultConfigurationName = Release;
		};
		EDAF56EA26250AB100DFC084 /* Build configuration list for PBXNativeTarget "Sample5" */ = {
			isa = XCConfigurationList;
			buildConfigurations = (
				EDAF56EB26250AB100DFC084 /* Debug */,
				EDAF56EC26250AB100DFC084 /* Release */,
			);
			defaultConfigurationIsVisible = 0;
			defaultConfigurationName = Release;
		};
		EDAF56ED26250AB100DFC084 /* Build configuration list for PBXNativeTarget "Sample5Tests" */ = {
			isa = XCConfigurationList;
			buildConfigurations = (
				EDAF56EE26250AB100DFC084 /* Debug */,
				EDAF56EF26250AB100DFC084 /* Release */,
			);
			defaultConfigurationIsVisible = 0;
			defaultConfigurationName = Release;
		};
		EDAF56F026250AB100DFC084 /* Build configuration list for PBXNativeTarget "Sample5UITests" */ = {
			isa = XCConfigurationList;
			buildConfigurations = (
				EDAF56F126250AB100DFC084 /* Debug */,
				EDAF56F226250AB100DFC084 /* Release */,
			);
			defaultConfigurationIsVisible = 0;
			defaultConfigurationName = Release;
		};
/* End XCConfigurationList section */
	};
	rootObject = EDAF56B826250AAF00DFC084 /* Project object */;
}
